
Microsoft Visual Studio Solution File, Format Version 12.00
# Visual Studio Version 16
VisualStudioVersion = 16.0.31105.61
MinimumVisualStudioVersion = 10.0.40219.1
Project("{8BC9CEB8-8B4A-11D0-8D11-00A0C91BC942}") = "Jayden - Assignment15b", "Jayden - Assignment15b\Jayden - Assignment15b.vcxproj", "{FAFF5A50-2377-4A89-A46C-A331B80C9E66}"
EndProject
Global
	GlobalSection(SolutionConfigurationPlatforms) = preSolution
		Debug|x64 = Debug|x64
		Debug|x86 = Debug|x86
		Release|x64 = Release|x64
		Release|x86 = Release|x86
	EndGlobalSection
	GlobalSection(ProjectConfigurationPlatforms) = postSolution
		{FAFF5A50-2377-4A89-A46C-A331B80C9E66}.Debug|x64.ActiveCfg = Debug|x64
		{FAFF5A50-2377-4A89-A46C-A331B80C9E66}.Debug|x64.Build.0 = Debug|x64
		{FAFF5A50-2377-4A89-A46C-A331B80C9E66}.Debug|x86.ActiveCfg = Debug|Win32
		{FAFF5A50-2377-4A89-A46C-A331B80C9E66}.Debug|x86.Build.0 = Debug|Win32
		{FAFF5A50-2377-4A89-A46C-A331B80C9E66}.Release|x64.ActiveCfg = Release|x64
		{FAFF5A50-2377-4A89-A46C-A331B80C9E66}.Release|x64.Build.0 = Release|x64
		{FAFF5A50-2377-4A89-A46C-A331B80C9E66}.Release|x86.ActiveCfg = Release|Win32
		{FAFF5A50-2377-4A89-A46C-A331B80C9E66}.Release|x86.Build.0 = Release|Win32
	EndGlobalSection
	GlobalSection(SolutionProperties) = preSolution
		HideSolutionNode = FALSE
	EndGlobalSection
	GlobalSection(ExtensibilityGlobals) = postSolution
		SolutionGuid = {6E43ED38-F2D2-41D6-9B7C-7E5B03F37EC6}
	EndGlobalSection
EndGlobal
